
Microsoft Visual Studio Solution File, Format Version 12.00
# Visual Studio Version 17
VisualStudioVersion = 17.9.34728.123
MinimumVisualStudioVersion = 10.0.40219.1
Project("{FAE04EC0-301F-11D3-BF4B-00C04F79EFBC}") = "WebApplication1", "WebApplication1.csproj", "{1850D4C7-5500-42A9-86E5-C28CEC4CCC0B}"
EndProject
Global
	GlobalSection(SolutionConfigurationPlatforms) = preSolution
		Debug|Any CPU = Debug|Any CPU
		Release|Any CPU = Release|Any CPU
	EndGlobalSection
	GlobalSection(ProjectConfigurationPlatforms) = postSolution
		{1850D4C7-5500-42A9-86E5-C28CEC4CCC0B}.Debug|Any CPU.ActiveCfg = Debug|Any CPU
		{1850D4C7-5500-42A9-86E5-C28CEC4CCC0B}.Debug|Any CPU.Build.0 = Debug|Any CPU
		{1850D4C7-5500-42A9-86E5-C28CEC4CCC0B}.Release|Any CPU.ActiveCfg = Release|Any CPU
		{1850D4C7-5500-42A9-86E5-C28CEC4CCC0B}.Release|Any CPU.Build.0 = Release|Any CPU
	EndGlobalSection
	GlobalSection(SolutionProperties) = preSolution
		HideSolutionNode = FALSE
	EndGlobalSection
	GlobalSection(ExtensibilityGlobals) = postSolution
		SolutionGuid = {B551D33E-95DB-4CEC-A533-F544BB1A1840}
	EndGlobalSection
EndGlobal
